
Microsoft Visual Studio Solution File, Format Version 12.00
# Visual Studio Version 17
VisualStudioVersion = 17.4.32916.344
MinimumVisualStudioVersion = 10.0.40219.1
Project("{FAE04EC0-301F-11D3-BF4B-00C04F79EFBC}") = "Zadacha", "Zadacha\Zadacha.csproj", "{C85FBBC6-05AC-4BFF-B144-480BE42D2497}"
EndProject
Global
	GlobalSection(SolutionConfigurationPlatforms) = preSolution
		Debug|Any CPU = Debug|Any CPU
		Release|Any CPU = Release|Any CPU
	EndGlobalSection
	GlobalSection(ProjectConfigurationPlatforms) = postSolution
		{C85FBBC6-05AC-4BFF-B144-480BE42D2497}.Debug|Any CPU.ActiveCfg = Debug|Any CPU
		{C85FBBC6-05AC-4BFF-B144-480BE42D2497}.Debug|Any CPU.Build.0 = Debug|Any CPU
		{C85FBBC6-05AC-4BFF-B144-480BE42D2497}.Release|Any CPU.ActiveCfg = Release|Any CPU
		{C85FBBC6-05AC-4BFF-B144-480BE42D2497}.Release|Any CPU.Build.0 = Release|Any CPU
	EndGlobalSection
	GlobalSection(SolutionProperties) = preSolution
		HideSolutionNode = FALSE
	EndGlobalSection
	GlobalSection(ExtensibilityGlobals) = postSolution
		SolutionGuid = {5FD45F7C-275C-4429-B88E-279D36AA4ED6}
	EndGlobalSection
EndGlobal
