
Microsoft Visual Studio Solution File, Format Version 12.00
# Visual Studio Version 17
VisualStudioVersion = 17.4.32916.344
MinimumVisualStudioVersion = 10.0.40219.1
Project("{FAE04EC0-301F-11D3-BF4B-00C04F79EFBC}") = "Object and Array", "Object and Array\Object and Array.csproj", "{C629DCB7-4C38-4147-AFF9-5EA0D2916DDF}"
EndProject
Global
	GlobalSection(SolutionConfigurationPlatforms) = preSolution
		Debug|Any CPU = Debug|Any CPU
		Release|Any CPU = Release|Any CPU
	EndGlobalSection
	GlobalSection(ProjectConfigurationPlatforms) = postSolution
		{C629DCB7-4C38-4147-AFF9-5EA0D2916DDF}.Debug|Any CPU.ActiveCfg = Debug|Any CPU
		{C629DCB7-4C38-4147-AFF9-5EA0D2916DDF}.Debug|Any CPU.Build.0 = Debug|Any CPU
		{C629DCB7-4C38-4147-AFF9-5EA0D2916DDF}.Release|Any CPU.ActiveCfg = Release|Any CPU
		{C629DCB7-4C38-4147-AFF9-5EA0D2916DDF}.Release|Any CPU.Build.0 = Release|Any CPU
	EndGlobalSection
	GlobalSection(SolutionProperties) = preSolution
		HideSolutionNode = FALSE
	EndGlobalSection
	GlobalSection(ExtensibilityGlobals) = postSolution
		SolutionGuid = {270BCC3A-9BC9-4E4F-96C5-905EC891F320}
	EndGlobalSection
EndGlobal
