
Microsoft Visual Studio Solution File, Format Version 12.00
# Visual Studio Version 17
VisualStudioVersion = 17.4.32916.344
MinimumVisualStudioVersion = 10.0.40219.1
Project("{FAE04EC0-301F-11D3-BF4B-00C04F79EFBC}") = "Variables", "Variables\Variables.csproj", "{4B2A283A-1487-4BC7-A394-528BD8D649EF}"
EndProject
Global
	GlobalSection(SolutionConfigurationPlatforms) = preSolution
		Debug|Any CPU = Debug|Any CPU
		Release|Any CPU = Release|Any CPU
	EndGlobalSection
	GlobalSection(ProjectConfigurationPlatforms) = postSolution
		{4B2A283A-1487-4BC7-A394-528BD8D649EF}.Debug|Any CPU.ActiveCfg = Debug|Any CPU
		{4B2A283A-1487-4BC7-A394-528BD8D649EF}.Debug|Any CPU.Build.0 = Debug|Any CPU
		{4B2A283A-1487-4BC7-A394-528BD8D649EF}.Release|Any CPU.ActiveCfg = Release|Any CPU
		{4B2A283A-1487-4BC7-A394-528BD8D649EF}.Release|Any CPU.Build.0 = Release|Any CPU
	EndGlobalSection
	GlobalSection(SolutionProperties) = preSolution
		HideSolutionNode = FALSE
	EndGlobalSection
	GlobalSection(ExtensibilityGlobals) = postSolution
		SolutionGuid = {EA92CD5F-4CC6-471F-90E6-3F224F4F8C87}
	EndGlobalSection
EndGlobal
